// !$*UTF8*$!
{
	archiveVersion = 1;
	classes = {
	};
	objectVersion = 46;
	objects = {

/* Begin PBXBuildFile section */
		A91D1F301A752F980091EFF6 /* AppDelegate.swift in Sources */ = {isa = PBXBuildFile; fileRef = A91D1F2F1A752F980091EFF6 /* AppDelegate.swift */; };
		A91D1F321A752F980091EFF6 /* ViewController.swift in Sources */ = {isa = PBXBuildFile; fileRef = A91D1F311A752F980091EFF6 /* ViewController.swift */; };
		A91D1F351A752F980091EFF6 /* Main.storyboard in Resources */ = {isa = PBXBuildFile; fileRef = A91D1F331A752F980091EFF6 /* Main.storyboard */; };
		A91D1F371A752F980091EFF6 /* Images.xcassets in Resources */ = {isa = PBXBuildFile; fileRef = A91D1F361A752F980091EFF6 /* Images.xcassets */; };
		A91D1F3A1A752F980091EFF6 /* LaunchScreen.xib in Resources */ = {isa = PBXBuildFile; fileRef = A91D1F381A752F980091EFF6 /* LaunchScreen.xib */; };
		A91D1F461A752F990091EFF6 /* IWatchLoadingTests.swift in Sources */ = {isa = PBXBuildFile; fileRef = A91D1F451A752F990091EFF6 /* IWatchLoadingTests.swift */; };
/* End PBXBuildFile section */

/* Begin PBXContainerItemProxy section */
		A91D1F401A752F990091EFF6 /* PBXContainerItemProxy */ = {
			isa = PBXContainerItemProxy;
			containerPortal = A91D1F221A752F980091EFF6 /* Project object */;
			proxyType = 1;
			remoteGlobalIDString = A91D1F291A752F980091EFF6;
			remoteInfo = IWatchLoading;
		};
/* End PBXContainerItemProxy section */

/* Begin PBXFileReference section */
		A91D1F2A1A752F980091EFF6 /* IWatchLoading.app */ = {isa = PBXFileReference; explicitFileType = wrapper.application; includeInIndex = 0; path = IWatchLoading.app; sourceTree = BUILT_PRODUCTS_DIR; };
		A91D1F2E1A752F980091EFF6 /* Info.plist */ = {isa = PBXFileReference; lastKnownFileType = text.plist.xml; path = Info.plist; sourceTree = "<group>"; };
		A91D1F2F1A752F980091EFF6 /* AppDelegate.swift */ = {isa = PBXFileReference; lastKnownFileType = sourcecode.swift; path = AppDelegate.swift; sourceTree = "<group>"; };
		A91D1F311A752F980091EFF6 /* ViewController.swift */ = {isa = PBXFileReference; lastKnownFileType = sourcecode.swift; path = ViewController.swift; sourceTree = "<group>"; };
		A91D1F341A752F980091EFF6 /* Base */ = {isa = PBXFileReference; lastKnownFileType = file.storyboard; name = Base; path = Base.lproj/Main.storyboard; sourceTree = "<group>"; };
		A91D1F361A752F980091EFF6 /* Images.xcassets */ = {isa = PBXFileReference; lastKnownFileType = folder.assetcatalog; path = Images.xcassets; sourceTree = "<group>"; };
		A91D1F391A752F980091EFF6 /* Base */ = {isa = PBXFileReference; lastKnownFileType = file.xib; name = Base; path = Base.lproj/LaunchScreen.xib; sourceTree = "<group>"; };
		A91D1F3F1A752F990091EFF6 /* IWatchLoadingTests.xctest */ = {isa = PBXFileReference; explicitFileType = wrapper.cfbundle; includeInIndex = 0; path = IWatchLoadingTests.xctest; sourceTree = BUILT_PRODUCTS_DIR; };
		A91D1F441A752F990091EFF6 /* Info.plist */ = {isa = PBXFileReference; lastKnownFileType = text.plist.xml; path = Info.plist; sourceTree = "<group>"; };
		A91D1F451A752F990091EFF6 /* IWatchLoadingTests.swift */ = {isa = PBXFileReference; lastKnownFileType = sourcecode.swift; path = IWatchLoadingTests.swift; sourceTree = "<group>"; };
/* End PBXFileReference section */

/* Begin PBXFrameworksBuildPhase section */
		A91D1F271A752F980091EFF6 /* Frameworks */ = {
			isa = PBXFrameworksBuildPhase;
			buildActionMask = 2147483647;
			files = (
			);
			runOnlyForDeploymentPostprocessing = 0;
		};
		A91D1F3C1A752F990091EFF6 /* Frameworks */ = {
			isa = PBXFrameworksBuildPhase;
			buildActionMask = 2147483647;
			files = (
			);
			runOnlyForDeploymentPostprocessing = 0;
		};
/* End PBXFrameworksBuildPhase section */

/* Begin PBXGroup section */
		A91D1F211A752F980091EFF6 = {
			isa = PBXGroup;
			children = (
				A91D1F2C1A752F980091EFF6 /* IWatchLoading */,
				A91D1F421A752F990091EFF6 /* IWatchLoadingTests */,
				A91D1F2B1A752F980091EFF6 /* Products */,
			);
			sourceTree = "<group>";
		};
		A91D1F2B1A752F980091EFF6 /* Products */ = {
			isa = PBXGroup;
			children = (
				A91D1F2A1A752F980091EFF6 /* IWatchLoading.app */,
				A91D1F3F1A752F990091EFF6 /* IWatchLoadingTests.xctest */,
			);
			name = Products;
			sourceTree = "<group>";
		};
		A91D1F2C1A752F980091EFF6 /* IWatchLoading */ = {
			isa = PBXGroup;
			children = (
				A91D1F2F1A752F980091EFF6 /* AppDelegate.swift */,
				A91D1F311A752F980091EFF6 /* ViewController.swift */,
				A91D1F331A752F980091EFF6 /* Main.storyboard */,
				A91D1F361A752F980091EFF6 /* Images.xcassets */,
				A91D1F381A752F980091EFF6 /* LaunchScreen.xib */,
				A91D1F2D1A752F980091EFF6 /* Supporting Files */,
			);
			path = IWatchLoading;
			sourceTree = "<group>";
		};
		A91D1F2D1A752F980091EFF6 /* Supporting Files */ = {
			isa = PBXGroup;
			children = (
				A91D1F2E1A752F980091EFF6 /* Info.plist */,
			);
			name = "Supporting Files";
			sourceTree = "<group>";
		};
		A91D1F421A752F990091EFF6 /* IWatchLoadingTests */ = {
			isa = PBXGroup;
			children = (
				A91D1F451A752F990091EFF6 /* IWatchLoadingTests.swift */,
				A91D1F431A752F990091EFF6 /* Supporting Files */,
			);
			path = IWatchLoadingTests;
			sourceTree = "<group>";
		};
		A91D1F431A752F990091EFF6 /* Supporting Files */ = {
			isa = PBXGroup;
			children = (
				A91D1F441A752F990091EFF6 /* Info.plist */,
			);
			name = "Supporting Files";
			sourceTree = "<group>";
		};
/* End PBXGroup section */

/* Begin PBXNativeTarget section */
		A91D1F291A752F980091EFF6 /* IWatchLoading */ = {
			isa = PBXNativeTarget;
			buildConfigurationList = A91D1F491A752F990091EFF6 /* Build configuration list for PBXNativeTarget "IWatchLoading" */;
			buildPhases = (
				A91D1F261A752F980091EFF6 /* Sources */,
				A91D1F271A752F980091EFF6 /* Frameworks */,
				A91D1F281A752F980091EFF6 /* Resources */,
			);
			buildRules = (
			);
			dependencies = (
			);
			name = IWatchLoading;
			productName = IWatchLoading;
			productReference = A91D1F2A1A752F980091EFF6 /* IWatchLoading.app */;
			productType = "com.apple.product-type.application";
		};
		A91D1F3E1A752F990091EFF6 /* IWatchLoadingTests */ = {
			isa = PBXNativeTarget;
			buildConfigurationList = A91D1F4C1A752F990091EFF6 /* Build configuration list for PBXNativeTarget "IWatchLoadingTests" */;
			buildPhases = (
				A91D1F3B1A752F990091EFF6 /* Sources */,
				A91D1F3C1A752F990091EFF6 /* Frameworks */,
				A91D1F3D1A752F990091EFF6 /* Resources */,
			);
			buildRules = (
			);
			dependencies = (
				A91D1F411A752F990091EFF6 /* PBXTargetDependency */,
			);
			name = IWatchLoadingTests;
			productName = IWatchLoadingTests;
			productReference = A91D1F3F1A752F990091EFF6 /* IWatchLoadingTests.xctest */;
			productType = "com.apple.product-type.bundle.unit-test";
		};
/* End PBXNativeTarget section */

/* Begin PBXProject section */
		A91D1F221A752F980091EFF6 /* Project object */ = {
			isa = PBXProject;
			attributes = {
				LastUpgradeCheck = 0610;
				ORGANIZATIONNAME = Mingbao;
				TargetAttributes = {
					A91D1F291A752F980091EFF6 = {
						CreatedOnToolsVersion = 6.1.1;
					};
					A91D1F3E1A752F990091EFF6 = {
						CreatedOnToolsVersion = 6.1.1;
						TestTargetID = A91D1F291A752F980091EFF6;
					};
				};
			};
			buildConfigurationList = A91D1F251A752F980091EFF6 /* Build configuration list for PBXProject "IWatchLoading" */;
			compatibilityVersion = "Xcode 3.2";
			developmentRegion = English;
			hasScannedForEncodings = 0;
			knownRegions = (
				en,
				Base,
			);
			mainGroup = A91D1F211A752F980091EFF6;
			productRefGroup = A91D1F2B1A752F980091EFF6 /* Products */;
			projectDirPath = "";
			projectRoot = "";
			targets = (
				A91D1F291A752F980091EFF6 /* IWatchLoading */,
				A91D1F3E1A752F990091EFF6 /* IWatchLoadingTests */,
			);
		};
/* End PBXProject section */

/* Begin PBXResourcesBuildPhase section */
		A91D1F281A752F980091EFF6 /* Resources */ = {
			isa = PBXResourcesBuildPhase;
			buildActionMask = 2147483647;
			files = (
				A91D1F351A752F980091EFF6 /* Main.storyboard in Resources */,
				A91D1F3A1A752F980091EFF6 /* LaunchScreen.xib in Resources */,
				A91D1F371A752F980091EFF6 /* Images.xcassets in Resources */,
			);
			runOnlyForDeploymentPostprocessing = 0;
		};
		A91D1F3D1A752F990091EFF6 /* Resources */ = {
			isa = PBXResourcesBuildPhase;
			buildActionMask = 2147483647;
			files = (
			);
			runOnlyForDeploymentPostprocessing = 0;
		};
/* End PBXResourcesBuildPhase section */

/* Begin PBXSourcesBuildPhase section */
		A91D1F261A752F980091EFF6 /* Sources */ = {
			isa = PBXSourcesBuildPhase;
			buildActionMask = 2147483647;
			files = (
				A91D1F321A752F980091EFF6 /* ViewController.swift in Sources */,
				A91D1F301A752F980091EFF6 /* AppDelegate.swift in Sources */,
			);
			runOnlyForDeploymentPostprocessing = 0;
		};
		A91D1F3B1A752F990091EFF6 /* Sources */ = {
			isa = PBXSourcesBuildPhase;
			buildActionMask = 2147483647;
			files = (
				A91D1F461A752F990091EFF6 /* IWatchLoadingTests.swift in Sources */,
			);
			runOnlyForDeploymentPostprocessing = 0;
		};
/* End PBXSourcesBuildPhase section */

/* Begin PBXTargetDependency section */
		A91D1F411A752F990091EFF6 /* PBXTargetDependency */ = {
			isa = PBXTargetDependency;
			target = A91D1F291A752F980091EFF6 /* IWatchLoading */;
			targetProxy = A91D1F401A752F990091EFF6 /* PBXContainerItemProxy */;
		};
/* End PBXTargetDependency section */

/* Begin PBXVariantGroup section */
		A91D1F331A752F980091EFF6 /* Main.storyboard */ = {
			isa = PBXVariantGroup;
			children = (
				A91D1F341A752F980091EFF6 /* Base */,
			);
			name = Main.storyboard;
			sourceTree = "<group>";
		};
		A91D1F381A752F980091EFF6 /* LaunchScreen.xib */ = {
			isa = PBXVariantGroup;
			children = (
				A91D1F391A752F980091EFF6 /* Base */,
			);
			name = LaunchScreen.xib;
			sourceTree = "<group>";
		};
/* End PBXVariantGroup section */

/* Begin XCBuildConfiguration section */
		A91D1F471A752F990091EFF6 /* Debug */ = {
			isa = XCBuildConfiguration;
			buildSettings = {
				ALWAYS_SEARCH_USER_PATHS = NO;
				CLANG_CXX_LANGUAGE_STANDARD = "gnu++0x";
				CLANG_CXX_LIBRARY = "libc++";
				CLANG_ENABLE_MODULES = YES;
				CLANG_ENABLE_OBJC_ARC = YES;
				CLANG_WARN_BOOL_CONVERSION = YES;
				CLANG_WARN_CONSTANT_CONVERSION = YES;
				CLANG_WARN_DIRECT_OBJC_ISA_USAGE = YES_ERROR;
				CLANG_WARN_EMPTY_BODY = YES;
				CLANG_WARN_ENUM_CONVERSION = YES;
				CLANG_WARN_INT_CONVERSION = YES;
				CLANG_WARN_OBJC_ROOT_CLASS = YES_ERROR;
				CLANG_WARN_UNREACHABLE_CODE = YES;
				CLANG_WARN__DUPLICATE_METHOD_MATCH = YES;
				"CODE_SIGN_IDENTITY[sdk=iphoneos*]" = "iPhone Developer";
				COPY_PHASE_STRIP = NO;
				ENABLE_STRICT_OBJC_MSGSEND = YES;
				GCC_C_LANGUAGE_STANDARD = gnu99;
				GCC_DYNAMIC_NO_PIC = NO;
				GCC_OPTIMIZATION_LEVEL = 0;
				GCC_PREPROCESSOR_DEFINITIONS = (
					"DEBUG=1",
					"$(inherited)",
				);
				GCC_SYMBOLS_PRIVATE_EXTERN = NO;
				GCC_WARN_64_TO_32_BIT_CONVERSION = YES;
				GCC_WARN_ABOUT_RETURN_TYPE = YES_ERROR;
				GCC_WARN_UNDECLARED_SELECTOR = YES;
				GCC_WARN_UNINITIALIZED_AUTOS = YES_AGGRESSIVE;
				GCC_WARN_UNUSED_FUNCTION = YES;
				GCC_WARN_UNUSED_VARIABLE = YES;
				IPHONEOS_DEPLOYMENT_TARGET = 8.1;
				MTL_ENABLE_DEBUG_INFO = YES;
				ONLY_ACTIVE_ARCH = YES;
				SDKROOT = iphoneos;
				SWIFT_OPTIMIZATION_LEVEL = "-Onone";
			};
			name = Debug;
		};
		A91D1F481A752F990091EFF6 /* Release */ = {
			isa = XCBuildConfiguration;
			buildSettings = {
				ALWAYS_SEARCH_USER_PATHS = NO;
				CLANG_CXX_LANGUAGE_STANDARD = "gnu++0x";
				CLANG_CXX_LIBRARY = "libc++";
				CLANG_ENABLE_MODULES = YES;
				CLANG_ENABLE_OBJC_ARC = YES;
				CLANG_WARN_BOOL_CONVERSION = YES;
				CLANG_WARN_CONSTANT_CONVERSION = YES;
				CLANG_WARN_DIRECT_OBJC_ISA_USAGE = YES_ERROR;
				CLANG_WARN_EMPTY_BODY = YES;
				CLANG_WARN_ENUM_CONVERSION = YES;
				CLANG_WARN_INT_CONVERSION = YES;
				CLANG_WARN_OBJC_ROOT_CLASS = YES_ERROR;
				CLANG_WARN_UNREACHABLE_CODE = YES;
				CLANG_WARN__DUPLICATE_METHOD_MATCH = YES;
				"CODE_SIGN_IDENTITY[sdk=iphoneos*]" = "iPhone Developer";
				COPY_PHASE_STRIP = YES;
				ENABLE_NS_ASSERTIONS = NO;
				ENABLE_STRICT_OBJC_MSGSEND = YES;
				GCC_C_LANGUAGE_STANDARD = gnu99;
				GCC_WARN_64_TO_32_BIT_CONVERSION = YES;
				GCC_WARN_ABOUT_RETURN_TYPE = YES_ERROR;
				GCC_WARN_UNDECLARED_SELECTOR = YES;
				GCC_WARN_UNINITIALIZED_AUTOS = YES_AGGRESSIVE;
				GCC_WARN_UNUSED_FUNCTION = YES;
				GCC_WARN_UNUSED_VARIABLE = YES;
				IPHONEOS_DEPLOYMENT_TARGET = 8.1;
				MTL_ENABLE_DEBUG_INFO = NO;
				SDKROOT = iphoneos;
				VALIDATE_PRODUCT = YES;
			};
			name = Release;
		};
		A91D1F4A1A752F990091EFF6 /* Debug */ = {
			isa = XCBuildConfiguration;
			buildSettings = {
				ASSETCATALOG_COMPILER_APPICON_NAME = AppIcon;
				INFOPLIST_FILE = IWatchLoading/Info.plist;
				LD_RUNPATH_SEARCH_PATHS = "$(inherited) @executable_path/Frameworks";
				PRODUCT_NAME = "$(TARGET_NAME)";
			};
			name = Debug;
		};
		A91D1F4B1A752F990091EFF6 /* Release */ = {
			isa = XCBuildConfiguration;
			buildSettings = {
				ASSETCATALOG_COMPILER_APPICON_NAME = AppIcon;
				INFOPLIST_FILE = IWatchLoading/Info.plist;
				LD_RUNPATH_SEARCH_PATHS = "$(inherited) @executable_path/Frameworks";
				PRODUCT_NAME = "$(TARGET_NAME)";
			};
			name = Release;
		};
		A91D1F4D1A752F990091EFF6 /* Debug */ = {
			isa = XCBuildConfiguration;
			buildSettings = {
				BUNDLE_LOADER = "$(TEST_HOST)";
				FRAMEWORK_SEARCH_PATHS = (
					"$(SDKROOT)/Developer/Library/Frameworks",
					"$(inherited)",
				);
				GCC_PREPROCESSOR_DEFINITIONS = (
					"DEBUG=1",
					"$(inherited)",
				);
				INFOPLIST_FILE = IWatchLoadingTests/Info.plist;
				LD_RUNPATH_SEARCH_PATHS = "$(inherited) @executable_path/Frameworks @loader_path/Frameworks";
				PRODUCT_NAME = "$(TARGET_NAME)";
				TEST_HOST = "$(BUILT_PRODUCTS_DIR)/IWatchLoading.app/IWatchLoading";
			};
			name = Debug;
		};
		A91D1F4E1A752F990091EFF6 /* Release */ = {
			isa = XCBuildConfiguration;
			buildSettings = {
				BUNDLE_LOADER = "$(TEST_HOST)";
				FRAMEWORK_SEARCH_PATHS = (
					"$(SDKROOT)/Developer/Library/Frameworks",
					"$(inherited)",
				);
				INFOPLIST_FILE = IWatchLoadingTests/Info.plist;
				LD_RUNPATH_SEARCH_PATHS = "$(inherited) @executable_path/Frameworks @loader_path/Frameworks";
				PRODUCT_NAME = "$(TARGET_NAME)";
				TEST_HOST = "$(BUILT_PRODUCTS_DIR)/IWatchLoading.app/IWatchLoading";
			};
			name = Release;
		};
/* End XCBuildConfiguration section */

/* Begin XCConfigurationList section */
		A91D1F251A752F980091EFF6 /* Build configuration list for PBXProject "IWatchLoading" */ = {
			isa = XCConfigurationList;
			buildConfigurations = (
				A91D1F471A752F990091EFF6 /* Debug */,
				A91D1F481A752F990091EFF6 /* Release */,
			);
			defaultConfigurationIsVisible = 0;
			defaultConfigurationName = Release;
		};
		A91D1F491A752F990091EFF6 /* Build configuration list for PBXNativeTarget "IWatchLoading" */ = {
			isa = XCConfigurationList;
			buildConfigurations = (
				A91D1F4A1A752F990091EFF6 /* Debug */,
				A91D1F4B1A752F990091EFF6 /* Release */,
			);
			defaultConfigurationIsVisible = 0;
		};
		A91D1F4C1A752F990091EFF6 /* Build configuration list for PBXNativeTarget "IWatchLoadingTests" */ = {
			isa = XCConfigurationList;
			buildConfigurations = (
				A91D1F4D1A752F990091EFF6 /* Debug */,
				A91D1F4E1A752F990091EFF6 /* Release */,
			);
			defaultConfigurationIsVisible = 0;
		};
/* End XCConfigurationList section */
	};
	rootObject = A91D1F221A752F980091EFF6 /* Project object */;
}
